
Microsoft Visual Studio Solution File, Format Version 12.00
Project("{FAE04EC0-301F-11D3-BF4B-00C04F79EFBC}") = "Starlight", "Starlight\Starlight.csproj", "{A0DF4240-61A0-4B35-A636-AB8383A92E56}"
EndProject
Project("{FAE04EC0-301F-11D3-BF4B-00C04F79EFBC}") = "Starlight.Test", "Starlight.Test\Starlight.Test.csproj", "{79AD18B5-5180-432C-94A7-3F9433DC4EDA}"
EndProject
Project("{FAE04EC0-301F-11D3-BF4B-00C04F79EFBC}") = "Starlight.Engine", "Starlight.Engine\Starlight.Engine.csproj", "{62FB248C-D738-46B8-BB30-AB127E4EE09F}"
EndProject
Project("{FAE04EC0-301F-11D3-BF4B-00C04F79EFBC}") = "EVIL.ExecutionEngine", "EVIL\VirtualMachine\EVIL.ExecutionEngine\EVIL.ExecutionEngine.csproj", "{A6542765-A3C1-4B4B-A11A-10250DB12641}"
EndProject
Project("{FAE04EC0-301F-11D3-BF4B-00C04F79EFBC}") = "EVIL.Intermediate", "EVIL\VirtualMachine\EVIL.Intermediate\EVIL.Intermediate.csproj", "{22168425-98B1-41EF-89F6-49BD11F9A8B8}"
EndProject
Project("{2150E333-8FDC-42A3-9474-1A3956D46DE8}") = "EVIL", "EVIL", "{F8170EE3-BA55-4CF1-B285-47927517DE8C}"
EndProject
Project("{FAE04EC0-301F-11D3-BF4B-00C04F79EFBC}") = "EVIL.Grammar", "EVIL\Core\EVIL.Grammar\EVIL.Grammar.csproj", "{D2B9A455-8D33-4F83-98C0-502A71D654F0}"
EndProject
Project("{FAE04EC0-301F-11D3-BF4B-00C04F79EFBC}") = "EVIL.Lexical", "EVIL\Core\EVIL.Lexical\EVIL.Lexical.csproj", "{500F074B-22CA-4C7D-A958-8DA245F43EE9}"
EndProject
Project("{FAE04EC0-301F-11D3-BF4B-00C04F79EFBC}") = "EVIL.RT", "EVIL\VirtualMachine\EVIL.RT\EVIL.RT.csproj", "{7F21E932-9BB7-411D-BA83-76816E4E9576}"
EndProject
Global
	GlobalSection(SolutionConfigurationPlatforms) = preSolution
		Debug|Any CPU = Debug|Any CPU
		Release|Any CPU = Release|Any CPU
	EndGlobalSection
	GlobalSection(ProjectConfigurationPlatforms) = postSolution
		{A0DF4240-61A0-4B35-A636-AB8383A92E56}.Debug|Any CPU.ActiveCfg = Debug|Any CPU
		{A0DF4240-61A0-4B35-A636-AB8383A92E56}.Debug|Any CPU.Build.0 = Debug|Any CPU
		{A0DF4240-61A0-4B35-A636-AB8383A92E56}.Release|Any CPU.ActiveCfg = Release|Any CPU
		{A0DF4240-61A0-4B35-A636-AB8383A92E56}.Release|Any CPU.Build.0 = Release|Any CPU
		{79AD18B5-5180-432C-94A7-3F9433DC4EDA}.Debug|Any CPU.ActiveCfg = Debug|Any CPU
		{79AD18B5-5180-432C-94A7-3F9433DC4EDA}.Debug|Any CPU.Build.0 = Debug|Any CPU
		{79AD18B5-5180-432C-94A7-3F9433DC4EDA}.Release|Any CPU.ActiveCfg = Release|Any CPU
		{79AD18B5-5180-432C-94A7-3F9433DC4EDA}.Release|Any CPU.Build.0 = Release|Any CPU
		{62FB248C-D738-46B8-BB30-AB127E4EE09F}.Debug|Any CPU.ActiveCfg = Debug|Any CPU
		{62FB248C-D738-46B8-BB30-AB127E4EE09F}.Debug|Any CPU.Build.0 = Debug|Any CPU
		{62FB248C-D738-46B8-BB30-AB127E4EE09F}.Release|Any CPU.ActiveCfg = Release|Any CPU
		{62FB248C-D738-46B8-BB30-AB127E4EE09F}.Release|Any CPU.Build.0 = Release|Any CPU
		{A6542765-A3C1-4B4B-A11A-10250DB12641}.Debug|Any CPU.ActiveCfg = Debug|Any CPU
		{A6542765-A3C1-4B4B-A11A-10250DB12641}.Debug|Any CPU.Build.0 = Debug|Any CPU
		{A6542765-A3C1-4B4B-A11A-10250DB12641}.Release|Any CPU.ActiveCfg = Release|Any CPU
		{A6542765-A3C1-4B4B-A11A-10250DB12641}.Release|Any CPU.Build.0 = Release|Any CPU
		{22168425-98B1-41EF-89F6-49BD11F9A8B8}.Debug|Any CPU.ActiveCfg = Debug|Any CPU
		{22168425-98B1-41EF-89F6-49BD11F9A8B8}.Debug|Any CPU.Build.0 = Debug|Any CPU
		{22168425-98B1-41EF-89F6-49BD11F9A8B8}.Release|Any CPU.ActiveCfg = Release|Any CPU
		{22168425-98B1-41EF-89F6-49BD11F9A8B8}.Release|Any CPU.Build.0 = Release|Any CPU
		{D2B9A455-8D33-4F83-98C0-502A71D654F0}.Debug|Any CPU.ActiveCfg = Debug|Any CPU
		{D2B9A455-8D33-4F83-98C0-502A71D654F0}.Debug|Any CPU.Build.0 = Debug|Any CPU
		{D2B9A455-8D33-4F83-98C0-502A71D654F0}.Release|Any CPU.ActiveCfg = Release|Any CPU
		{D2B9A455-8D33-4F83-98C0-502A71D654F0}.Release|Any CPU.Build.0 = Release|Any CPU
		{500F074B-22CA-4C7D-A958-8DA245F43EE9}.Debug|Any CPU.ActiveCfg = Debug|Any CPU
		{500F074B-22CA-4C7D-A958-8DA245F43EE9}.Debug|Any CPU.Build.0 = Debug|Any CPU
		{500F074B-22CA-4C7D-A958-8DA245F43EE9}.Release|Any CPU.ActiveCfg = Release|Any CPU
		{500F074B-22CA-4C7D-A958-8DA245F43EE9}.Release|Any CPU.Build.0 = Release|Any CPU
		{7F21E932-9BB7-411D-BA83-76816E4E9576}.Debug|Any CPU.ActiveCfg = Debug|Any CPU
		{7F21E932-9BB7-411D-BA83-76816E4E9576}.Debug|Any CPU.Build.0 = Debug|Any CPU
		{7F21E932-9BB7-411D-BA83-76816E4E9576}.Release|Any CPU.ActiveCfg = Release|Any CPU
		{7F21E932-9BB7-411D-BA83-76816E4E9576}.Release|Any CPU.Build.0 = Release|Any CPU
	EndGlobalSection
	GlobalSection(NestedProjects) = preSolution
		{A6542765-A3C1-4B4B-A11A-10250DB12641} = {F8170EE3-BA55-4CF1-B285-47927517DE8C}
		{22168425-98B1-41EF-89F6-49BD11F9A8B8} = {F8170EE3-BA55-4CF1-B285-47927517DE8C}
		{D2B9A455-8D33-4F83-98C0-502A71D654F0} = {F8170EE3-BA55-4CF1-B285-47927517DE8C}
		{500F074B-22CA-4C7D-A958-8DA245F43EE9} = {F8170EE3-BA55-4CF1-B285-47927517DE8C}
		{7F21E932-9BB7-411D-BA83-76816E4E9576} = {F8170EE3-BA55-4CF1-B285-47927517DE8C}
	EndGlobalSection
EndGlobal
